
Microsoft Visual Studio Solution File, Format Version 12.00
# Visual Studio Version 16
VisualStudioVersion = 16.0.29509.3
MinimumVisualStudioVersion = 10.0.40219.1
Project("{FAE04EC0-301F-11D3-BF4B-00C04F79EFBC}") = "AdventOfCode", "AdventOfCode\AdventOfCode.csproj", "{76B445F1-53FE-4698-82F7-6B43001E625D}"
EndProject
Global
	GlobalSection(SolutionConfigurationPlatforms) = preSolution
		Debug|Any CPU = Debug|Any CPU
		Release|Any CPU = Release|Any CPU
	EndGlobalSection
	GlobalSection(ProjectConfigurationPlatforms) = postSolution
		{76B445F1-53FE-4698-82F7-6B43001E625D}.Debug|Any CPU.ActiveCfg = Debug|Any CPU
		{76B445F1-53FE-4698-82F7-6B43001E625D}.Debug|Any CPU.Build.0 = Debug|Any CPU
		{76B445F1-53FE-4698-82F7-6B43001E625D}.Release|Any CPU.ActiveCfg = Release|Any CPU
		{76B445F1-53FE-4698-82F7-6B43001E625D}.Release|Any CPU.Build.0 = Release|Any CPU
	EndGlobalSection
	GlobalSection(SolutionProperties) = preSolution
		HideSolutionNode = FALSE
	EndGlobalSection
	GlobalSection(ExtensibilityGlobals) = postSolution
		SolutionGuid = {CC790141-2F35-4EF3-AFBD-74C13274ECFC}
	EndGlobalSection
EndGlobal
